
Microsoft Visual Studio Solution File, Format Version 12.00
# Visual Studio Version 16
VisualStudioVersion = 16.0.35731.53
MinimumVisualStudioVersion = 10.0.40219.1
Project("{9A19103F-16F7-4668-BE54-9A1E7A4F7556}") = "BackGestionTareas", "BackGestionTareas\BackGestionTareas.csproj", "{EF05477B-844A-41DF-835D-670B98E6B264}"
EndProject
Project("{2150E333-8FDC-42A3-9474-1A3956D46DE8}") = "backend", "backend", "{D15C3873-AD4C-4D13-BE39-0382C2304A9B}"
EndProject
Project("{9A19103F-16F7-4668-BE54-9A1E7A4F7556}") = "Test", "Test\Test.csproj", "{DC719B1B-AFD7-4E2F-BF76-87639F77B04C}"
EndProject
Global
	GlobalSection(SolutionConfigurationPlatforms) = preSolution
		Debug|Any CPU = Debug|Any CPU
		Release|Any CPU = Release|Any CPU
	EndGlobalSection
	GlobalSection(ProjectConfigurationPlatforms) = postSolution
		{EF05477B-844A-41DF-835D-670B98E6B264}.Debug|Any CPU.ActiveCfg = Debug|Any CPU
		{EF05477B-844A-41DF-835D-670B98E6B264}.Debug|Any CPU.Build.0 = Debug|Any CPU
		{EF05477B-844A-41DF-835D-670B98E6B264}.Release|Any CPU.ActiveCfg = Release|Any CPU
		{EF05477B-844A-41DF-835D-670B98E6B264}.Release|Any CPU.Build.0 = Release|Any CPU
		{DC719B1B-AFD7-4E2F-BF76-87639F77B04C}.Debug|Any CPU.ActiveCfg = Debug|Any CPU
		{DC719B1B-AFD7-4E2F-BF76-87639F77B04C}.Debug|Any CPU.Build.0 = Debug|Any CPU
		{DC719B1B-AFD7-4E2F-BF76-87639F77B04C}.Release|Any CPU.ActiveCfg = Release|Any CPU
		{DC719B1B-AFD7-4E2F-BF76-87639F77B04C}.Release|Any CPU.Build.0 = Release|Any CPU
	EndGlobalSection
	GlobalSection(SolutionProperties) = preSolution
		HideSolutionNode = FALSE
	EndGlobalSection
	GlobalSection(NestedProjects) = preSolution
		{EF05477B-844A-41DF-835D-670B98E6B264} = {D15C3873-AD4C-4D13-BE39-0382C2304A9B}
	EndGlobalSection
	GlobalSection(ExtensibilityGlobals) = postSolution
		SolutionGuid = {A0E1330B-08D0-4A17-A3A0-CF9D5045FB5B}
	EndGlobalSection
EndGlobal
